
Microsoft Visual Studio Solution File, Format Version 12.00
# Visual Studio 15
VisualStudioVersion = 15.0.27703.2035
MinimumVisualStudioVersion = 10.0.40219.1
Project("{FAE04EC0-301F-11D3-BF4B-00C04F79EFBC}") = "Blog.WebApp", "Blog.WebApp\Blog.WebApp.csproj", "{54A326F2-C457-4FFB-B509-041F3CF60651}"
EndProject
Project("{FAE04EC0-301F-11D3-BF4B-00C04F79EFBC}") = "Blog.DataAccess", "Blog.DataAccess\Blog.DataAccess.csproj", "{845C86E3-FE18-4F47-BCF7-C415F6CA3D23}"
EndProject
Project("{FAE04EC0-301F-11D3-BF4B-00C04F79EFBC}") = "Blog.Entity", "Blog.Entity\Blog.Entity.csproj", "{3F1EEC43-20F5-454D-B35D-F51D63340A7D}"
EndProject
Project("{FAE04EC0-301F-11D3-BF4B-00C04F79EFBC}") = "Blog.Business", "Blog.Business\Blog.Business.csproj", "{C825038F-D46D-44E9-94D1-18C2079B267E}"
EndProject
Project("{FAE04EC0-301F-11D3-BF4B-00C04F79EFBC}") = "Blog.Utilties", "Blog.Utilties\Blog.Utilties.csproj", "{3B631C13-45EC-42A3-ABE7-39436F5AD03A}"
EndProject
Global
	GlobalSection(SolutionConfigurationPlatforms) = preSolution
		Debug|Any CPU = Debug|Any CPU
		Release|Any CPU = Release|Any CPU
	EndGlobalSection
	GlobalSection(ProjectConfigurationPlatforms) = postSolution
		{54A326F2-C457-4FFB-B509-041F3CF60651}.Debug|Any CPU.ActiveCfg = Debug|Any CPU
		{54A326F2-C457-4FFB-B509-041F3CF60651}.Debug|Any CPU.Build.0 = Debug|Any CPU
		{54A326F2-C457-4FFB-B509-041F3CF60651}.Release|Any CPU.ActiveCfg = Release|Any CPU
		{54A326F2-C457-4FFB-B509-041F3CF60651}.Release|Any CPU.Build.0 = Release|Any CPU
		{845C86E3-FE18-4F47-BCF7-C415F6CA3D23}.Debug|Any CPU.ActiveCfg = Debug|Any CPU
		{845C86E3-FE18-4F47-BCF7-C415F6CA3D23}.Debug|Any CPU.Build.0 = Debug|Any CPU
		{845C86E3-FE18-4F47-BCF7-C415F6CA3D23}.Release|Any CPU.ActiveCfg = Release|Any CPU
		{845C86E3-FE18-4F47-BCF7-C415F6CA3D23}.Release|Any CPU.Build.0 = Release|Any CPU
		{3F1EEC43-20F5-454D-B35D-F51D63340A7D}.Debug|Any CPU.ActiveCfg = Debug|Any CPU
		{3F1EEC43-20F5-454D-B35D-F51D63340A7D}.Debug|Any CPU.Build.0 = Debug|Any CPU
		{3F1EEC43-20F5-454D-B35D-F51D63340A7D}.Release|Any CPU.ActiveCfg = Release|Any CPU
		{3F1EEC43-20F5-454D-B35D-F51D63340A7D}.Release|Any CPU.Build.0 = Release|Any CPU
		{C825038F-D46D-44E9-94D1-18C2079B267E}.Debug|Any CPU.ActiveCfg = Debug|Any CPU
		{C825038F-D46D-44E9-94D1-18C2079B267E}.Debug|Any CPU.Build.0 = Debug|Any CPU
		{C825038F-D46D-44E9-94D1-18C2079B267E}.Release|Any CPU.ActiveCfg = Release|Any CPU
		{C825038F-D46D-44E9-94D1-18C2079B267E}.Release|Any CPU.Build.0 = Release|Any CPU
		{3B631C13-45EC-42A3-ABE7-39436F5AD03A}.Debug|Any CPU.ActiveCfg = Debug|Any CPU
		{3B631C13-45EC-42A3-ABE7-39436F5AD03A}.Debug|Any CPU.Build.0 = Debug|Any CPU
		{3B631C13-45EC-42A3-ABE7-39436F5AD03A}.Release|Any CPU.ActiveCfg = Release|Any CPU
		{3B631C13-45EC-42A3-ABE7-39436F5AD03A}.Release|Any CPU.Build.0 = Release|Any CPU
	EndGlobalSection
	GlobalSection(SolutionProperties) = preSolution
		HideSolutionNode = FALSE
	EndGlobalSection
	GlobalSection(ExtensibilityGlobals) = postSolution
		SolutionGuid = {D96D6416-F7E9-4676-B75B-B5BDA394D7CE}
	EndGlobalSection
EndGlobal
